// !$*UTF8*$!
{
	archiveVersion = 1;
	classes = {
	};
	objectVersion = 46;
	objects = {

/* Begin PBXBuildFile section */
		F2425F291AADECF8009074FB /* main.m in Sources */ = {isa = PBXBuildFile; fileRef = F2425F281AADECF8009074FB /* main.m */; };
		F2425F2C1AADECF8009074FB /* AppDelegate.m in Sources */ = {isa = PBXBuildFile; fileRef = F2425F2B1AADECF8009074FB /* AppDelegate.m */; };
		F2425F311AADECF9009074FB /* GameScene.sks in Resources */ = {isa = PBXBuildFile; fileRef = F2425F301AADECF8009074FB /* GameScene.sks */; };
		F2425F341AADECF9009074FB /* GameViewController.m in Sources */ = {isa = PBXBuildFile; fileRef = F2425F331AADECF9009074FB /* GameViewController.m */; };
		F2425F371AADECF9009074FB /* Main.storyboard in Resources */ = {isa = PBXBuildFile; fileRef = F2425F351AADECF9009074FB /* Main.storyboard */; };
		F2425F391AADECF9009074FB /* Images.xcassets in Resources */ = {isa = PBXBuildFile; fileRef = F2425F381AADECF9009074FB /* Images.xcassets */; };
		F2425F3C1AADECF9009074FB /* LaunchScreen.xib in Resources */ = {isa = PBXBuildFile; fileRef = F2425F3A1AADECF9009074FB /* LaunchScreen.xib */; };
		F2425F481AADECF9009074FB /* Its_Raining_Men_and_GhostsTests.m in Sources */ = {isa = PBXBuildFile; fileRef = F2425F471AADECF9009074FB /* Its_Raining_Men_and_GhostsTests.m */; };
		F2425F531AADEFF2009074FB /* WelcomeScreen.m in Sources */ = {isa = PBXBuildFile; fileRef = F2425F521AADEFF2009074FB /* WelcomeScreen.m */; };
		F2425F561AADF09F009074FB /* MainScreen.m in Sources */ = {isa = PBXBuildFile; fileRef = F2425F551AADF09F009074FB /* MainScreen.m */; };
		F2425F5A1AAE02CD009074FB /* Superhero-girl-in-purple.png in Resources */ = {isa = PBXBuildFile; fileRef = F2425F591AAE02CD009074FB /* Superhero-girl-in-purple.png */; };
		F2425F5C1AAE041F009074FB /* lightning.png in Resources */ = {isa = PBXBuildFile; fileRef = F2425F5B1AAE041F009074FB /* lightning.png */; };
		F2425F5E1AAE0AE6009074FB /* monster.png in Resources */ = {isa = PBXBuildFile; fileRef = F2425F5D1AAE0AE6009074FB /* monster.png */; };
		F277A7E91AAE1B9E006E63C2 /* boy_3.png in Resources */ = {isa = PBXBuildFile; fileRef = F277A7E81AAE1B9E006E63C2 /* boy_3.png */; };
/* End PBXBuildFile section */

/* Begin PBXContainerItemProxy section */
		F2425F421AADECF9009074FB /* PBXContainerItemProxy */ = {
			isa = PBXContainerItemProxy;
			containerPortal = F2425F1B1AADECF8009074FB /* Project object */;
			proxyType = 1;
			remoteGlobalIDString = F2425F221AADECF8009074FB;
			remoteInfo = "Its Raining Men and Ghosts";
		};
/* End PBXContainerItemProxy section */

/* Begin PBXFileReference section */
		F2425F231AADECF8009074FB /* Its Raining Men and Ghosts.app */ = {isa = PBXFileReference; explicitFileType = wrapper.application; includeInIndex = 0; path = "Its Raining Men and Ghosts.app"; sourceTree = BUILT_PRODUCTS_DIR; };
		F2425F271AADECF8009074FB /* Info.plist */ = {isa = PBXFileReference; lastKnownFileType = text.plist.xml; path = Info.plist; sourceTree = "<group>"; };
		F2425F281AADECF8009074FB /* main.m */ = {isa = PBXFileReference; lastKnownFileType = sourcecode.c.objc; path = main.m; sourceTree = "<group>"; };
		F2425F2A1AADECF8009074FB /* AppDelegate.h */ = {isa = PBXFileReference; lastKnownFileType = sourcecode.c.h; path = AppDelegate.h; sourceTree = "<group>"; };
		F2425F2B1AADECF8009074FB /* AppDelegate.m */ = {isa = PBXFileReference; lastKnownFileType = sourcecode.c.objc; path = AppDelegate.m; sourceTree = "<group>"; };
		F2425F301AADECF8009074FB /* GameScene.sks */ = {isa = PBXFileReference; lastKnownFileType = file.sks; path = GameScene.sks; sourceTree = "<group>"; };
		F2425F321AADECF9009074FB /* GameViewController.h */ = {isa = PBXFileReference; lastKnownFileType = sourcecode.c.h; path = GameViewController.h; sourceTree = "<group>"; };
		F2425F331AADECF9009074FB /* GameViewController.m */ = {isa = PBXFileReference; lastKnownFileType = sourcecode.c.objc; path = GameViewController.m; sourceTree = "<group>"; };
		F2425F361AADECF9009074FB /* Base */ = {isa = PBXFileReference; lastKnownFileType = file.storyboard; name = Base; path = Base.lproj/Main.storyboard; sourceTree = "<group>"; };
		F2425F381AADECF9009074FB /* Images.xcassets */ = {isa = PBXFileReference; lastKnownFileType = folder.assetcatalog; path = Images.xcassets; sourceTree = "<group>"; };
		F2425F3B1AADECF9009074FB /* Base */ = {isa = PBXFileReference; lastKnownFileType = file.xib; name = Base; path = Base.lproj/LaunchScreen.xib; sourceTree = "<group>"; };
		F2425F411AADECF9009074FB /* Its Raining Men and GhostsTests.xctest */ = {isa = PBXFileReference; explicitFileType = wrapper.cfbundle; includeInIndex = 0; path = "Its Raining Men and GhostsTests.xctest"; sourceTree = BUILT_PRODUCTS_DIR; };
		F2425F461AADECF9009074FB /* Info.plist */ = {isa = PBXFileReference; lastKnownFileType = text.plist.xml; path = Info.plist; sourceTree = "<group>"; };
		F2425F471AADECF9009074FB /* Its_Raining_Men_and_GhostsTests.m */ = {isa = PBXFileReference; lastKnownFileType = sourcecode.c.objc; path = Its_Raining_Men_and_GhostsTests.m; sourceTree = "<group>"; };
		F2425F511AADEFF2009074FB /* WelcomeScreen.h */ = {isa = PBXFileReference; fileEncoding = 4; lastKnownFileType = sourcecode.c.h; path = WelcomeScreen.h; sourceTree = "<group>"; };
		F2425F521AADEFF2009074FB /* WelcomeScreen.m */ = {isa = PBXFileReference; fileEncoding = 4; lastKnownFileType = sourcecode.c.objc; path = WelcomeScreen.m; sourceTree = "<group>"; };
		F2425F541AADF09F009074FB /* MainScreen.h */ = {isa = PBXFileReference; fileEncoding = 4; lastKnownFileType = sourcecode.c.h; path = MainScreen.h; sourceTree = "<group>"; };
		F2425F551AADF09F009074FB /* MainScreen.m */ = {isa = PBXFileReference; fileEncoding = 4; lastKnownFileType = sourcecode.c.objc; path = MainScreen.m; sourceTree = "<group>"; };
		F2425F591AAE02CD009074FB /* Superhero-girl-in-purple.png */ = {isa = PBXFileReference; lastKnownFileType = image.png; name = "Superhero-girl-in-purple.png"; path = "../../../../../Downloads/Superhero-girl-in-purple.png"; sourceTree = "<group>"; };
		F2425F5B1AAE041F009074FB /* lightning.png */ = {isa = PBXFileReference; lastKnownFileType = image.png; name = lightning.png; path = ../../../../../Downloads/lightning.png; sourceTree = "<group>"; };
		F2425F5D1AAE0AE6009074FB /* monster.png */ = {isa = PBXFileReference; lastKnownFileType = image.png; name = monster.png; path = ../../../../../Downloads/monster.png; sourceTree = "<group>"; };
		F277A7E81AAE1B9E006E63C2 /* boy_3.png */ = {isa = PBXFileReference; lastKnownFileType = image.png; name = boy_3.png; path = ../../../../../Downloads/boy_3.png; sourceTree = "<group>"; };
/* End PBXFileReference section */

/* Begin PBXFrameworksBuildPhase section */
		F2425F201AADECF8009074FB /* Frameworks */ = {
			isa = PBXFrameworksBuildPhase;
			buildActionMask = 2147483647;
			files = (
			);
			runOnlyForDeploymentPostprocessing = 0;
		};
		F2425F3E1AADECF9009074FB /* Frameworks */ = {
			isa = PBXFrameworksBuildPhase;
			buildActionMask = 2147483647;
			files = (
			);
			runOnlyForDeploymentPostprocessing = 0;
		};
/* End PBXFrameworksBuildPhase section */

/* Begin PBXGroup section */
		F2425F1A1AADECF8009074FB = {
			isa = PBXGroup;
			children = (
				F2425F251AADECF8009074FB /* Its Raining Men and Ghosts */,
				F2425F441AADECF9009074FB /* Its Raining Men and GhostsTests */,
				F2425F241AADECF8009074FB /* Products */,
			);
			sourceTree = "<group>";
		};
		F2425F241AADECF8009074FB /* Products */ = {
			isa = PBXGroup;
			children = (
				F2425F231AADECF8009074FB /* Its Raining Men and Ghosts.app */,
				F2425F411AADECF9009074FB /* Its Raining Men and GhostsTests.xctest */,
			);
			name = Products;
			sourceTree = "<group>";
		};
		F2425F251AADECF8009074FB /* Its Raining Men and Ghosts */ = {
			isa = PBXGroup;
			children = (
				F2425F541AADF09F009074FB /* MainScreen.h */,
				F2425F551AADF09F009074FB /* MainScreen.m */,
				F2425F511AADEFF2009074FB /* WelcomeScreen.h */,
				F2425F521AADEFF2009074FB /* WelcomeScreen.m */,
				F2425F2A1AADECF8009074FB /* AppDelegate.h */,
				F2425F2B1AADECF8009074FB /* AppDelegate.m */,
				F2425F301AADECF8009074FB /* GameScene.sks */,
				F2425F321AADECF9009074FB /* GameViewController.h */,
				F2425F331AADECF9009074FB /* GameViewController.m */,
				F2425F351AADECF9009074FB /* Main.storyboard */,
				F2425F381AADECF9009074FB /* Images.xcassets */,
				F2425F3A1AADECF9009074FB /* LaunchScreen.xib */,
				F2425F261AADECF8009074FB /* Supporting Files */,
			);
			path = "Its Raining Men and Ghosts";
			sourceTree = "<group>";
		};
		F2425F261AADECF8009074FB /* Supporting Files */ = {
			isa = PBXGroup;
			children = (
				F277A7E81AAE1B9E006E63C2 /* boy_3.png */,
				F2425F5D1AAE0AE6009074FB /* monster.png */,
				F2425F5B1AAE041F009074FB /* lightning.png */,
				F2425F591AAE02CD009074FB /* Superhero-girl-in-purple.png */,
				F2425F271AADECF8009074FB /* Info.plist */,
				F2425F281AADECF8009074FB /* main.m */,
			);
			name = "Supporting Files";
			sourceTree = "<group>";
		};
		F2425F441AADECF9009074FB /* Its Raining Men and GhostsTests */ = {
			isa = PBXGroup;
			children = (
				F2425F471AADECF9009074FB /* Its_Raining_Men_and_GhostsTests.m */,
				F2425F451AADECF9009074FB /* Supporting Files */,
			);
			path = "Its Raining Men and GhostsTests";
			sourceTree = "<group>";
		};
		F2425F451AADECF9009074FB /* Supporting Files */ = {
			isa = PBXGroup;
			children = (
				F2425F461AADECF9009074FB /* Info.plist */,
			);
			name = "Supporting Files";
			sourceTree = "<group>";
		};
/* End PBXGroup section */

/* Begin PBXNativeTarget section */
		F2425F221AADECF8009074FB /* Its Raining Men and Ghosts */ = {
			isa = PBXNativeTarget;
			buildConfigurationList = F2425F4B1AADECF9009074FB /* Build configuration list for PBXNativeTarget "Its Raining Men and Ghosts" */;
			buildPhases = (
				F2425F1F1AADECF8009074FB /* Sources */,
				F2425F201AADECF8009074FB /* Frameworks */,
				F2425F211AADECF8009074FB /* Resources */,
			);
			buildRules = (
			);
			dependencies = (
			);
			name = "Its Raining Men and Ghosts";
			productName = "Its Raining Men and Ghosts";
			productReference = F2425F231AADECF8009074FB /* Its Raining Men and Ghosts.app */;
			productType = "com.apple.product-type.application";
		};
		F2425F401AADECF9009074FB /* Its Raining Men and GhostsTests */ = {
			isa = PBXNativeTarget;
			buildConfigurationList = F2425F4E1AADECF9009074FB /* Build configuration list for PBXNativeTarget "Its Raining Men and GhostsTests" */;
			buildPhases = (
				F2425F3D1AADECF9009074FB /* Sources */,
				F2425F3E1AADECF9009074FB /* Frameworks */,
				F2425F3F1AADECF9009074FB /* Resources */,
			);
			buildRules = (
			);
			dependencies = (
				F2425F431AADECF9009074FB /* PBXTargetDependency */,
			);
			name = "Its Raining Men and GhostsTests";
			productName = "Its Raining Men and GhostsTests";
			productReference = F2425F411AADECF9009074FB /* Its Raining Men and GhostsTests.xctest */;
			productType = "com.apple.product-type.bundle.unit-test";
		};
/* End PBXNativeTarget section */

/* Begin PBXProject section */
		F2425F1B1AADECF8009074FB /* Project object */ = {
			isa = PBXProject;
			attributes = {
				LastUpgradeCheck = 0600;
				ORGANIZATIONNAME = Vasundhara;
				TargetAttributes = {
					F2425F221AADECF8009074FB = {
						CreatedOnToolsVersion = 6.0.1;
					};
					F2425F401AADECF9009074FB = {
						CreatedOnToolsVersion = 6.0.1;
						TestTargetID = F2425F221AADECF8009074FB;
					};
				};
			};
			buildConfigurationList = F2425F1E1AADECF8009074FB /* Build configuration list for PBXProject "Its Raining Men and Ghosts" */;
			compatibilityVersion = "Xcode 3.2";
			developmentRegion = English;
			hasScannedForEncodings = 0;
			knownRegions = (
				en,
				Base,
			);
			mainGroup = F2425F1A1AADECF8009074FB;
			productRefGroup = F2425F241AADECF8009074FB /* Products */;
			projectDirPath = "";
			projectRoot = "";
			targets = (
				F2425F221AADECF8009074FB /* Its Raining Men and Ghosts */,
				F2425F401AADECF9009074FB /* Its Raining Men and GhostsTests */,
			);
		};
/* End PBXProject section */

/* Begin PBXResourcesBuildPhase section */
		F2425F211AADECF8009074FB /* Resources */ = {
			isa = PBXResourcesBuildPhase;
			buildActionMask = 2147483647;
			files = (
				F277A7E91AAE1B9E006E63C2 /* boy_3.png in Resources */,
				F2425F5A1AAE02CD009074FB /* Superhero-girl-in-purple.png in Resources */,
				F2425F3C1AADECF9009074FB /* LaunchScreen.xib in Resources */,
				F2425F391AADECF9009074FB /* Images.xcassets in Resources */,
				F2425F311AADECF9009074FB /* GameScene.sks in Resources */,
				F2425F5C1AAE041F009074FB /* lightning.png in Resources */,
				F2425F5E1AAE0AE6009074FB /* monster.png in Resources */,
				F2425F371AADECF9009074FB /* Main.storyboard in Resources */,
			);
			runOnlyForDeploymentPostprocessing = 0;
		};
		F2425F3F1AADECF9009074FB /* Resources */ = {
			isa = PBXResourcesBuildPhase;
			buildActionMask = 2147483647;
			files = (
			);
			runOnlyForDeploymentPostprocessing = 0;
		};
/* End PBXResourcesBuildPhase section */

/* Begin PBXSourcesBuildPhase section */
		F2425F1F1AADECF8009074FB /* Sources */ = {
			isa = PBXSourcesBuildPhase;
			buildActionMask = 2147483647;
			files = (
				F2425F341AADECF9009074FB /* GameViewController.m in Sources */,
				F2425F561AADF09F009074FB /* MainScreen.m in Sources */,
				F2425F2C1AADECF8009074FB /* AppDelegate.m in Sources */,
				F2425F531AADEFF2009074FB /* WelcomeScreen.m in Sources */,
				F2425F291AADECF8009074FB /* main.m in Sources */,
			);
			runOnlyForDeploymentPostprocessing = 0;
		};
		F2425F3D1AADECF9009074FB /* Sources */ = {
			isa = PBXSourcesBuildPhase;
			buildActionMask = 2147483647;
			files = (
				F2425F481AADECF9009074FB /* Its_Raining_Men_and_GhostsTests.m in Sources */,
			);
			runOnlyForDeploymentPostprocessing = 0;
		};
/* End PBXSourcesBuildPhase section */

/* Begin PBXTargetDependency section */
		F2425F431AADECF9009074FB /* PBXTargetDependency */ = {
			isa = PBXTargetDependency;
			target = F2425F221AADECF8009074FB /* Its Raining Men and Ghosts */;
			targetProxy = F2425F421AADECF9009074FB /* PBXContainerItemProxy */;
		};
/* End PBXTargetDependency section */

/* Begin PBXVariantGroup section */
		F2425F351AADECF9009074FB /* Main.storyboard */ = {
			isa = PBXVariantGroup;
			children = (
				F2425F361AADECF9009074FB /* Base */,
			);
			name = Main.storyboard;
			sourceTree = "<group>";
		};
		F2425F3A1AADECF9009074FB /* LaunchScreen.xib */ = {
			isa = PBXVariantGroup;
			children = (
				F2425F3B1AADECF9009074FB /* Base */,
			);
			name = LaunchScreen.xib;
			sourceTree = "<group>";
		};
/* End PBXVariantGroup section */

/* Begin XCBuildConfiguration section */
		F2425F491AADECF9009074FB /* Debug */ = {
			isa = XCBuildConfiguration;
			buildSettings = {
				ALWAYS_SEARCH_USER_PATHS = NO;
				CLANG_CXX_LANGUAGE_STANDARD = "gnu++0x";
				CLANG_CXX_LIBRARY = "libc++";
				CLANG_ENABLE_MODULES = YES;
				CLANG_ENABLE_OBJC_ARC = YES;
				CLANG_WARN_BOOL_CONVERSION = YES;
				CLANG_WARN_CONSTANT_CONVERSION = YES;
				CLANG_WARN_DIRECT_OBJC_ISA_USAGE = YES_ERROR;
				CLANG_WARN_EMPTY_BODY = YES;
				CLANG_WARN_ENUM_CONVERSION = YES;
				CLANG_WARN_INT_CONVERSION = YES;
				CLANG_WARN_OBJC_ROOT_CLASS = YES_ERROR;
				CLANG_WARN_UNREACHABLE_CODE = YES;
				CLANG_WARN__DUPLICATE_METHOD_MATCH = YES;
				"CODE_SIGN_IDENTITY[sdk=iphoneos*]" = "iPhone Developer";
				COPY_PHASE_STRIP = NO;
				ENABLE_STRICT_OBJC_MSGSEND = YES;
				GCC_C_LANGUAGE_STANDARD = gnu99;
				GCC_DYNAMIC_NO_PIC = NO;
				GCC_OPTIMIZATION_LEVEL = 0;
				GCC_PREPROCESSOR_DEFINITIONS = (
					"DEBUG=1",
					"$(inherited)",
				);
				GCC_SYMBOLS_PRIVATE_EXTERN = NO;
				GCC_WARN_64_TO_32_BIT_CONVERSION = YES;
				GCC_WARN_ABOUT_RETURN_TYPE = YES_ERROR;
				GCC_WARN_UNDECLARED_SELECTOR = YES;
				GCC_WARN_UNINITIALIZED_AUTOS = YES_AGGRESSIVE;
				GCC_WARN_UNUSED_FUNCTION = YES;
				GCC_WARN_UNUSED_VARIABLE = YES;
				IPHONEOS_DEPLOYMENT_TARGET = 8.0;
				MTL_ENABLE_DEBUG_INFO = YES;
				ONLY_ACTIVE_ARCH = YES;
				SDKROOT = iphoneos;
			};
			name = Debug;
		};
		F2425F4A1AADECF9009074FB /* Release */ = {
			isa = XCBuildConfiguration;
			buildSettings = {
				ALWAYS_SEARCH_USER_PATHS = NO;
				CLANG_CXX_LANGUAGE_STANDARD = "gnu++0x";
				CLANG_CXX_LIBRARY = "libc++";
				CLANG_ENABLE_MODULES = YES;
				CLANG_ENABLE_OBJC_ARC = YES;
				CLANG_WARN_BOOL_CONVERSION = YES;
				CLANG_WARN_CONSTANT_CONVERSION = YES;
				CLANG_WARN_DIRECT_OBJC_ISA_USAGE = YES_ERROR;
				CLANG_WARN_EMPTY_BODY = YES;
				CLANG_WARN_ENUM_CONVERSION = YES;
				CLANG_WARN_INT_CONVERSION = YES;
				CLANG_WARN_OBJC_ROOT_CLASS = YES_ERROR;
				CLANG_WARN_UNREACHABLE_CODE = YES;
				CLANG_WARN__DUPLICATE_METHOD_MATCH = YES;
				"CODE_SIGN_IDENTITY[sdk=iphoneos*]" = "iPhone Developer";
				COPY_PHASE_STRIP = YES;
				ENABLE_NS_ASSERTIONS = NO;
				ENABLE_STRICT_OBJC_MSGSEND = YES;
				GCC_C_LANGUAGE_STANDARD = gnu99;
				GCC_WARN_64_TO_32_BIT_CONVERSION = YES;
				GCC_WARN_ABOUT_RETURN_TYPE = YES_ERROR;
				GCC_WARN_UNDECLARED_SELECTOR = YES;
				GCC_WARN_UNINITIALIZED_AUTOS = YES_AGGRESSIVE;
				GCC_WARN_UNUSED_FUNCTION = YES;
				GCC_WARN_UNUSED_VARIABLE = YES;
				IPHONEOS_DEPLOYMENT_TARGET = 8.0;
				MTL_ENABLE_DEBUG_INFO = NO;
				SDKROOT = iphoneos;
				VALIDATE_PRODUCT = YES;
			};
			name = Release;
		};
		F2425F4C1AADECF9009074FB /* Debug */ = {
			isa = XCBuildConfiguration;
			buildSettings = {
				ASSETCATALOG_COMPILER_APPICON_NAME = AppIcon;
				INFOPLIST_FILE = "Its Raining Men and Ghosts/Info.plist";
				LD_RUNPATH_SEARCH_PATHS = "$(inherited) @executable_path/Frameworks";
				PRODUCT_NAME = "$(TARGET_NAME)";
			};
			name = Debug;
		};
		F2425F4D1AADECF9009074FB /* Release */ = {
			isa = XCBuildConfiguration;
			buildSettings = {
				ASSETCATALOG_COMPILER_APPICON_NAME = AppIcon;
				INFOPLIST_FILE = "Its Raining Men and Ghosts/Info.plist";
				LD_RUNPATH_SEARCH_PATHS = "$(inherited) @executable_path/Frameworks";
				PRODUCT_NAME = "$(TARGET_NAME)";
			};
			name = Release;
		};
		F2425F4F1AADECF9009074FB /* Debug */ = {
			isa = XCBuildConfiguration;
			buildSettings = {
				BUNDLE_LOADER = "$(TEST_HOST)";
				FRAMEWORK_SEARCH_PATHS = (
					"$(SDKROOT)/Developer/Library/Frameworks",
					"$(inherited)",
				);
				GCC_PREPROCESSOR_DEFINITIONS = (
					"DEBUG=1",
					"$(inherited)",
				);
				INFOPLIST_FILE = "Its Raining Men and GhostsTests/Info.plist";
				LD_RUNPATH_SEARCH_PATHS = "$(inherited) @executable_path/Frameworks @loader_path/Frameworks";
				PRODUCT_NAME = "$(TARGET_NAME)";
				TEST_HOST = "$(BUILT_PRODUCTS_DIR)/Its Raining Men and Ghosts.app/Its Raining Men and Ghosts";
			};
			name = Debug;
		};
		F2425F501AADECF9009074FB /* Release */ = {
			isa = XCBuildConfiguration;
			buildSettings = {
				BUNDLE_LOADER = "$(TEST_HOST)";
				FRAMEWORK_SEARCH_PATHS = (
					"$(SDKROOT)/Developer/Library/Frameworks",
					"$(inherited)",
				);
				INFOPLIST_FILE = "Its Raining Men and GhostsTests/Info.plist";
				LD_RUNPATH_SEARCH_PATHS = "$(inherited) @executable_path/Frameworks @loader_path/Frameworks";
				PRODUCT_NAME = "$(TARGET_NAME)";
				TEST_HOST = "$(BUILT_PRODUCTS_DIR)/Its Raining Men and Ghosts.app/Its Raining Men and Ghosts";
			};
			name = Release;
		};
/* End XCBuildConfiguration section */

/* Begin XCConfigurationList section */
		F2425F1E1AADECF8009074FB /* Build configuration list for PBXProject "Its Raining Men and Ghosts" */ = {
			isa = XCConfigurationList;
			buildConfigurations = (
				F2425F491AADECF9009074FB /* Debug */,
				F2425F4A1AADECF9009074FB /* Release */,
			);
			defaultConfigurationIsVisible = 0;
			defaultConfigurationName = Release;
		};
		F2425F4B1AADECF9009074FB /* Build configuration list for PBXNativeTarget "Its Raining Men and Ghosts" */ = {
			isa = XCConfigurationList;
			buildConfigurations = (
				F2425F4C1AADECF9009074FB /* Debug */,
				F2425F4D1AADECF9009074FB /* Release */,
			);
			defaultConfigurationIsVisible = 0;
			defaultConfigurationName = Release;
		};
		F2425F4E1AADECF9009074FB /* Build configuration list for PBXNativeTarget "Its Raining Men and GhostsTests" */ = {
			isa = XCConfigurationList;
			buildConfigurations = (
				F2425F4F1AADECF9009074FB /* Debug */,
				F2425F501AADECF9009074FB /* Release */,
			);
			defaultConfigurationIsVisible = 0;
			defaultConfigurationName = Release;
		};
/* End XCConfigurationList section */
	};
	rootObject = F2425F1B1AADECF8009074FB /* Project object */;
}
